
Microsoft Visual Studio Solution File, Format Version 12.00
# Visual Studio 15
VisualStudioVersion = 15.0.28307.329
MinimumVisualStudioVersion = 10.0.40219.1
Project("{8BC9CEB8-8B4A-11D0-8D11-00A0C91BC942}") = "Zadatak1", "Vjezba3\Vjezba3.vcxproj", "{EB8CEC3A-CE8A-407F-800A-9CA077168F78}"
EndProject
Project("{8BC9CEB8-8B4A-11D0-8D11-00A0C91BC942}") = "Zadatak2", "Zadatak2\Zadatak2.vcxproj", "{787C0A74-0CBA-4A14-9FCF-9A473A86BFAE}"
EndProject
Global
	GlobalSection(SolutionConfigurationPlatforms) = preSolution
		Debug|x64 = Debug|x64
		Debug|x86 = Debug|x86
		Release|x64 = Release|x64
		Release|x86 = Release|x86
	EndGlobalSection
	GlobalSection(ProjectConfigurationPlatforms) = postSolution
		{EB8CEC3A-CE8A-407F-800A-9CA077168F78}.Debug|x64.ActiveCfg = Debug|x64
		{EB8CEC3A-CE8A-407F-800A-9CA077168F78}.Debug|x64.Build.0 = Debug|x64
		{EB8CEC3A-CE8A-407F-800A-9CA077168F78}.Debug|x86.ActiveCfg = Debug|Win32
		{EB8CEC3A-CE8A-407F-800A-9CA077168F78}.Debug|x86.Build.0 = Debug|Win32
		{EB8CEC3A-CE8A-407F-800A-9CA077168F78}.Release|x64.ActiveCfg = Release|x64
		{EB8CEC3A-CE8A-407F-800A-9CA077168F78}.Release|x64.Build.0 = Release|x64
		{EB8CEC3A-CE8A-407F-800A-9CA077168F78}.Release|x86.ActiveCfg = Release|Win32
		{EB8CEC3A-CE8A-407F-800A-9CA077168F78}.Release|x86.Build.0 = Release|Win32
		{787C0A74-0CBA-4A14-9FCF-9A473A86BFAE}.Debug|x64.ActiveCfg = Debug|x64
		{787C0A74-0CBA-4A14-9FCF-9A473A86BFAE}.Debug|x64.Build.0 = Debug|x64
		{787C0A74-0CBA-4A14-9FCF-9A473A86BFAE}.Debug|x86.ActiveCfg = Debug|Win32
		{787C0A74-0CBA-4A14-9FCF-9A473A86BFAE}.Debug|x86.Build.0 = Debug|Win32
		{787C0A74-0CBA-4A14-9FCF-9A473A86BFAE}.Release|x64.ActiveCfg = Release|x64
		{787C0A74-0CBA-4A14-9FCF-9A473A86BFAE}.Release|x64.Build.0 = Release|x64
		{787C0A74-0CBA-4A14-9FCF-9A473A86BFAE}.Release|x86.ActiveCfg = Release|Win32
		{787C0A74-0CBA-4A14-9FCF-9A473A86BFAE}.Release|x86.Build.0 = Release|Win32
	EndGlobalSection
	GlobalSection(SolutionProperties) = preSolution
		HideSolutionNode = FALSE
	EndGlobalSection
	GlobalSection(ExtensibilityGlobals) = postSolution
		SolutionGuid = {5F34A84C-C831-41E5-9210-6A22B785E30A}
	EndGlobalSection
EndGlobal
