
Microsoft Visual Studio Solution File, Format Version 12.00
# Visual Studio 15
VisualStudioVersion = 15.0.28307.329
MinimumVisualStudioVersion = 10.0.40219.1
Project("{8BC9CEB8-8B4A-11D0-8D11-00A0C91BC942}") = "Zadatak2", "Zadatak2\Zadatak2.vcxproj", "{40C68F49-22C3-4CB5-B612-B8D12F2023BB}"
EndProject
Project("{8BC9CEB8-8B4A-11D0-8D11-00A0C91BC942}") = "Zadatak3", "Zadatak3\Zadatak3.vcxproj", "{5E0BF463-9191-4B67-9E35-656C5FE7C20C}"
EndProject
Project("{8BC9CEB8-8B4A-11D0-8D11-00A0C91BC942}") = "Zadatak1", "Zadatak1\Zadatak1.vcxproj", "{234A4BA7-80D1-42F3-BAFD-3E7D9AAAA8A7}"
EndProject
Global
	GlobalSection(SolutionConfigurationPlatforms) = preSolution
		Debug|x64 = Debug|x64
		Debug|x86 = Debug|x86
		Release|x64 = Release|x64
		Release|x86 = Release|x86
	EndGlobalSection
	GlobalSection(ProjectConfigurationPlatforms) = postSolution
		{40C68F49-22C3-4CB5-B612-B8D12F2023BB}.Debug|x64.ActiveCfg = Debug|x64
		{40C68F49-22C3-4CB5-B612-B8D12F2023BB}.Debug|x64.Build.0 = Debug|x64
		{40C68F49-22C3-4CB5-B612-B8D12F2023BB}.Debug|x86.ActiveCfg = Debug|Win32
		{40C68F49-22C3-4CB5-B612-B8D12F2023BB}.Debug|x86.Build.0 = Debug|Win32
		{40C68F49-22C3-4CB5-B612-B8D12F2023BB}.Release|x64.ActiveCfg = Release|x64
		{40C68F49-22C3-4CB5-B612-B8D12F2023BB}.Release|x64.Build.0 = Release|x64
		{40C68F49-22C3-4CB5-B612-B8D12F2023BB}.Release|x86.ActiveCfg = Release|Win32
		{40C68F49-22C3-4CB5-B612-B8D12F2023BB}.Release|x86.Build.0 = Release|Win32
		{5E0BF463-9191-4B67-9E35-656C5FE7C20C}.Debug|x64.ActiveCfg = Debug|x64
		{5E0BF463-9191-4B67-9E35-656C5FE7C20C}.Debug|x64.Build.0 = Debug|x64
		{5E0BF463-9191-4B67-9E35-656C5FE7C20C}.Debug|x86.ActiveCfg = Debug|Win32
		{5E0BF463-9191-4B67-9E35-656C5FE7C20C}.Debug|x86.Build.0 = Debug|Win32
		{5E0BF463-9191-4B67-9E35-656C5FE7C20C}.Release|x64.ActiveCfg = Release|x64
		{5E0BF463-9191-4B67-9E35-656C5FE7C20C}.Release|x64.Build.0 = Release|x64
		{5E0BF463-9191-4B67-9E35-656C5FE7C20C}.Release|x86.ActiveCfg = Release|Win32
		{5E0BF463-9191-4B67-9E35-656C5FE7C20C}.Release|x86.Build.0 = Release|Win32
		{234A4BA7-80D1-42F3-BAFD-3E7D9AAAA8A7}.Debug|x64.ActiveCfg = Debug|x64
		{234A4BA7-80D1-42F3-BAFD-3E7D9AAAA8A7}.Debug|x64.Build.0 = Debug|x64
		{234A4BA7-80D1-42F3-BAFD-3E7D9AAAA8A7}.Debug|x86.ActiveCfg = Debug|Win32
		{234A4BA7-80D1-42F3-BAFD-3E7D9AAAA8A7}.Debug|x86.Build.0 = Debug|Win32
		{234A4BA7-80D1-42F3-BAFD-3E7D9AAAA8A7}.Release|x64.ActiveCfg = Release|x64
		{234A4BA7-80D1-42F3-BAFD-3E7D9AAAA8A7}.Release|x64.Build.0 = Release|x64
		{234A4BA7-80D1-42F3-BAFD-3E7D9AAAA8A7}.Release|x86.ActiveCfg = Release|Win32
		{234A4BA7-80D1-42F3-BAFD-3E7D9AAAA8A7}.Release|x86.Build.0 = Release|Win32
	EndGlobalSection
	GlobalSection(SolutionProperties) = preSolution
		HideSolutionNode = FALSE
	EndGlobalSection
	GlobalSection(ExtensibilityGlobals) = postSolution
		SolutionGuid = {2B5E2CE0-7154-4707-BBBA-0AB73F1F092C}
	EndGlobalSection
EndGlobal
